// !$*UTF8*$!
{
	archiveVersion = 1;
	classes = {
	};
	objectVersion = 60;
	objects = {

/* Begin PBXBuildFile section */
		966F23012BC47E0900DD8990 /* Melatonin in Frameworks */ = {isa = PBXBuildFile; productRef = 966F23002BC47E0900DD8990 /* Melatonin */; };
		966F23042BC48B4A00DD8990 /* User.swift in Sources */ = {isa = PBXBuildFile; fileRef = 966F23032BC48B4A00DD8990 /* User.swift */; };
		966F23062BC48B5A00DD8990 /* Post.swift in Sources */ = {isa = PBXBuildFile; fileRef = 966F23052BC48B5A00DD8990 /* Post.swift */; };
		966F23082BC48B6900DD8990 /* Todo.swift in Sources */ = {isa = PBXBuildFile; fileRef = 966F23072BC48B6900DD8990 /* Todo.swift */; };
		966F230A2BC48B9700DD8990 /* UserEndpoint.swift in Sources */ = {isa = PBXBuildFile; fileRef = 966F23092BC48B9700DD8990 /* UserEndpoint.swift */; };
		96C0051F2BC4749C00134D6C /* ExampleApp.swift in Sources */ = {isa = PBXBuildFile; fileRef = 96C0051E2BC4749C00134D6C /* ExampleApp.swift */; };
		96C005212BC4749C00134D6C /* ContentView.swift in Sources */ = {isa = PBXBuildFile; fileRef = 96C005202BC4749C00134D6C /* ContentView.swift */; };
		96C005232BC4749D00134D6C /* Assets.xcassets in Resources */ = {isa = PBXBuildFile; fileRef = 96C005222BC4749D00134D6C /* Assets.xcassets */; };
		96C005272BC4749D00134D6C /* Preview Assets.xcassets in Resources */ = {isa = PBXBuildFile; fileRef = 96C005262BC4749D00134D6C /* Preview Assets.xcassets */; };
		96C005392BC474F700134D6C /* GoRESTEndpoint.swift in Sources */ = {isa = PBXBuildFile; fileRef = 96C0052D2BC474F700134D6C /* GoRESTEndpoint.swift */; };
		96C0053A2BC474F700134D6C /* PostsEndpoint.swift in Sources */ = {isa = PBXBuildFile; fileRef = 96C0052E2BC474F700134D6C /* PostsEndpoint.swift */; };
		96C0053B2BC474F700134D6C /* TodosEndpoint.swift in Sources */ = {isa = PBXBuildFile; fileRef = 96C0052F2BC474F700134D6C /* TodosEndpoint.swift */; };
		96C0053C2BC474F700134D6C /* UsersEndpoint.swift in Sources */ = {isa = PBXBuildFile; fileRef = 96C005302BC474F700134D6C /* UsersEndpoint.swift */; };
		96C0053D2BC474F700134D6C /* Service.swift in Sources */ = {isa = PBXBuildFile; fileRef = 96C005322BC474F700134D6C /* Service.swift */; };
		96C0053E2BC474F700134D6C /* GoRESTPaginatedView.swift in Sources */ = {isa = PBXBuildFile; fileRef = 96C005342BC474F700134D6C /* GoRESTPaginatedView.swift */; };
		96C0053F2BC474F700134D6C /* PostsView.swift in Sources */ = {isa = PBXBuildFile; fileRef = 96C005352BC474F700134D6C /* PostsView.swift */; };
		96C005402BC474F700134D6C /* TodosView.swift in Sources */ = {isa = PBXBuildFile; fileRef = 96C005362BC474F700134D6C /* TodosView.swift */; };
		96C005412BC474F700134D6C /* UsersView.swift in Sources */ = {isa = PBXBuildFile; fileRef = 96C005372BC474F700134D6C /* UsersView.swift */; };
/* End PBXBuildFile section */

/* Begin PBXFileReference section */
		966F23032BC48B4A00DD8990 /* User.swift */ = {isa = PBXFileReference; lastKnownFileType = sourcecode.swift; path = User.swift; sourceTree = "<group>"; };
		966F23052BC48B5A00DD8990 /* Post.swift */ = {isa = PBXFileReference; lastKnownFileType = sourcecode.swift; path = Post.swift; sourceTree = "<group>"; };
		966F23072BC48B6900DD8990 /* Todo.swift */ = {isa = PBXFileReference; lastKnownFileType = sourcecode.swift; path = Todo.swift; sourceTree = "<group>"; };
		966F23092BC48B9700DD8990 /* UserEndpoint.swift */ = {isa = PBXFileReference; lastKnownFileType = sourcecode.swift; path = UserEndpoint.swift; sourceTree = "<group>"; };
		96C0051B2BC4749C00134D6C /* Example.app */ = {isa = PBXFileReference; explicitFileType = wrapper.application; includeInIndex = 0; path = Example.app; sourceTree = BUILT_PRODUCTS_DIR; };
		96C0051E2BC4749C00134D6C /* ExampleApp.swift */ = {isa = PBXFileReference; lastKnownFileType = sourcecode.swift; path = ExampleApp.swift; sourceTree = "<group>"; };
		96C005202BC4749C00134D6C /* ContentView.swift */ = {isa = PBXFileReference; lastKnownFileType = sourcecode.swift; path = ContentView.swift; sourceTree = "<group>"; };
		96C005222BC4749D00134D6C /* Assets.xcassets */ = {isa = PBXFileReference; lastKnownFileType = folder.assetcatalog; path = Assets.xcassets; sourceTree = "<group>"; };
		96C005242BC4749D00134D6C /* Example.entitlements */ = {isa = PBXFileReference; lastKnownFileType = text.plist.entitlements; path = Example.entitlements; sourceTree = "<group>"; };
		96C005262BC4749D00134D6C /* Preview Assets.xcassets */ = {isa = PBXFileReference; lastKnownFileType = folder.assetcatalog; path = "Preview Assets.xcassets"; sourceTree = "<group>"; };
		96C0052D2BC474F700134D6C /* GoRESTEndpoint.swift */ = {isa = PBXFileReference; fileEncoding = 4; lastKnownFileType = sourcecode.swift; path = GoRESTEndpoint.swift; sourceTree = "<group>"; };
		96C0052E2BC474F700134D6C /* PostsEndpoint.swift */ = {isa = PBXFileReference; fileEncoding = 4; lastKnownFileType = sourcecode.swift; path = PostsEndpoint.swift; sourceTree = "<group>"; };
		96C0052F2BC474F700134D6C /* TodosEndpoint.swift */ = {isa = PBXFileReference; fileEncoding = 4; lastKnownFileType = sourcecode.swift; path = TodosEndpoint.swift; sourceTree = "<group>"; };
		96C005302BC474F700134D6C /* UsersEndpoint.swift */ = {isa = PBXFileReference; fileEncoding = 4; lastKnownFileType = sourcecode.swift; path = UsersEndpoint.swift; sourceTree = "<group>"; };
		96C005322BC474F700134D6C /* Service.swift */ = {isa = PBXFileReference; fileEncoding = 4; lastKnownFileType = sourcecode.swift; path = Service.swift; sourceTree = "<group>"; };
		96C005342BC474F700134D6C /* GoRESTPaginatedView.swift */ = {isa = PBXFileReference; fileEncoding = 4; lastKnownFileType = sourcecode.swift; path = GoRESTPaginatedView.swift; sourceTree = "<group>"; };
		96C005352BC474F700134D6C /* PostsView.swift */ = {isa = PBXFileReference; fileEncoding = 4; lastKnownFileType = sourcecode.swift; path = PostsView.swift; sourceTree = "<group>"; };
		96C005362BC474F700134D6C /* TodosView.swift */ = {isa = PBXFileReference; fileEncoding = 4; lastKnownFileType = sourcecode.swift; path = TodosView.swift; sourceTree = "<group>"; };
		96C005372BC474F700134D6C /* UsersView.swift */ = {isa = PBXFileReference; fileEncoding = 4; lastKnownFileType = sourcecode.swift; path = UsersView.swift; sourceTree = "<group>"; };
/* End PBXFileReference section */

/* Begin PBXFrameworksBuildPhase section */
		96C005182BC4749C00134D6C /* Frameworks */ = {
			isa = PBXFrameworksBuildPhase;
			buildActionMask = 2147483647;
			files = (
				966F23012BC47E0900DD8990 /* Melatonin in Frameworks */,
			);
			runOnlyForDeploymentPostprocessing = 0;
		};
/* End PBXFrameworksBuildPhase section */

/* Begin PBXGroup section */
		966F23022BC48B4000DD8990 /* Models */ = {
			isa = PBXGroup;
			children = (
				966F23032BC48B4A00DD8990 /* User.swift */,
				966F23052BC48B5A00DD8990 /* Post.swift */,
				966F23072BC48B6900DD8990 /* Todo.swift */,
			);
			path = Models;
			sourceTree = "<group>";
		};
		96C005122BC4749C00134D6C = {
			isa = PBXGroup;
			children = (
				96C0051D2BC4749C00134D6C /* Example */,
				96C0051C2BC4749C00134D6C /* Products */,
			);
			sourceTree = "<group>";
		};
		96C0051C2BC4749C00134D6C /* Products */ = {
			isa = PBXGroup;
			children = (
				96C0051B2BC4749C00134D6C /* Example.app */,
			);
			name = Products;
			sourceTree = "<group>";
		};
		96C0051D2BC4749C00134D6C /* Example */ = {
			isa = PBXGroup;
			children = (
				96C0051E2BC4749C00134D6C /* ExampleApp.swift */,
				96C005202BC4749C00134D6C /* ContentView.swift */,
				96C005332BC474F700134D6C /* Networking */,
				96C005382BC474F700134D6C /* Views */,
				96C005222BC4749D00134D6C /* Assets.xcassets */,
				96C005242BC4749D00134D6C /* Example.entitlements */,
				96C005252BC4749D00134D6C /* Preview Content */,
			);
			path = Example;
			sourceTree = "<group>";
		};
		96C005252BC4749D00134D6C /* Preview Content */ = {
			isa = PBXGroup;
			children = (
				96C005262BC4749D00134D6C /* Preview Assets.xcassets */,
			);
			path = "Preview Content";
			sourceTree = "<group>";
		};
		96C005312BC474F700134D6C /* GoREST API */ = {
			isa = PBXGroup;
			children = (
				96C0052D2BC474F700134D6C /* GoRESTEndpoint.swift */,
				96C005302BC474F700134D6C /* UsersEndpoint.swift */,
				966F23092BC48B9700DD8990 /* UserEndpoint.swift */,
				96C0052E2BC474F700134D6C /* PostsEndpoint.swift */,
				96C0052F2BC474F700134D6C /* TodosEndpoint.swift */,
			);
			path = "GoREST API";
			sourceTree = "<group>";
		};
		96C005332BC474F700134D6C /* Networking */ = {
			isa = PBXGroup;
			children = (
				966F23022BC48B4000DD8990 /* Models */,
				96C005312BC474F700134D6C /* GoREST API */,
				96C005322BC474F700134D6C /* Service.swift */,
			);
			path = Networking;
			sourceTree = "<group>";
		};
		96C005382BC474F700134D6C /* Views */ = {
			isa = PBXGroup;
			children = (
				96C005342BC474F700134D6C /* GoRESTPaginatedView.swift */,
				96C005352BC474F700134D6C /* PostsView.swift */,
				96C005362BC474F700134D6C /* TodosView.swift */,
				96C005372BC474F700134D6C /* UsersView.swift */,
			);
			path = Views;
			sourceTree = "<group>";
		};
/* End PBXGroup section */

/* Begin PBXNativeTarget section */
		96C0051A2BC4749C00134D6C /* Example */ = {
			isa = PBXNativeTarget;
			buildConfigurationList = 96C0052A2BC4749D00134D6C /* Build configuration list for PBXNativeTarget "Example" */;
			buildPhases = (
				96C005172BC4749C00134D6C /* Sources */,
				96C005182BC4749C00134D6C /* Frameworks */,
				96C005192BC4749C00134D6C /* Resources */,
			);
			buildRules = (
			);
			dependencies = (
			);
			name = Example;
			packageProductDependencies = (
				966F23002BC47E0900DD8990 /* Melatonin */,
			);
			productName = Example;
			productReference = 96C0051B2BC4749C00134D6C /* Example.app */;
			productType = "com.apple.product-type.application";
		};
/* End PBXNativeTarget section */

/* Begin PBXProject section */
		96C005132BC4749C00134D6C /* Project object */ = {
			isa = PBXProject;
			attributes = {
				BuildIndependentTargetsInParallel = 1;
				LastSwiftUpdateCheck = 1530;
				LastUpgradeCheck = 1530;
				TargetAttributes = {
					96C0051A2BC4749C00134D6C = {
						CreatedOnToolsVersion = 15.3;
					};
				};
			};
			buildConfigurationList = 96C005162BC4749C00134D6C /* Build configuration list for PBXProject "Example" */;
			compatibilityVersion = "Xcode 14.0";
			developmentRegion = en;
			hasScannedForEncodings = 0;
			knownRegions = (
				en,
				Base,
			);
			mainGroup = 96C005122BC4749C00134D6C;
			packageReferences = (
				966F22FF2BC47E0900DD8990 /* XCLocalSwiftPackageReference ".." */,
			);
			productRefGroup = 96C0051C2BC4749C00134D6C /* Products */;
			projectDirPath = "";
			projectRoot = "";
			targets = (
				96C0051A2BC4749C00134D6C /* Example */,
			);
		};
/* End PBXProject section */

/* Begin PBXResourcesBuildPhase section */
		96C005192BC4749C00134D6C /* Resources */ = {
			isa = PBXResourcesBuildPhase;
			buildActionMask = 2147483647;
			files = (
				96C005272BC4749D00134D6C /* Preview Assets.xcassets in Resources */,
				96C005232BC4749D00134D6C /* Assets.xcassets in Resources */,
			);
			runOnlyForDeploymentPostprocessing = 0;
		};
/* End PBXResourcesBuildPhase section */

/* Begin PBXSourcesBuildPhase section */
		96C005172BC4749C00134D6C /* Sources */ = {
			isa = PBXSourcesBuildPhase;
			buildActionMask = 2147483647;
			files = (
				966F230A2BC48B9700DD8990 /* UserEndpoint.swift in Sources */,
				96C005402BC474F700134D6C /* TodosView.swift in Sources */,
				96C0053E2BC474F700134D6C /* GoRESTPaginatedView.swift in Sources */,
				96C0053C2BC474F700134D6C /* UsersEndpoint.swift in Sources */,
				96C0053D2BC474F700134D6C /* Service.swift in Sources */,
				966F23062BC48B5A00DD8990 /* Post.swift in Sources */,
				96C005212BC4749C00134D6C /* ContentView.swift in Sources */,
				96C0053A2BC474F700134D6C /* PostsEndpoint.swift in Sources */,
				966F23082BC48B6900DD8990 /* Todo.swift in Sources */,
				96C005392BC474F700134D6C /* GoRESTEndpoint.swift in Sources */,
				96C0053B2BC474F700134D6C /* TodosEndpoint.swift in Sources */,
				966F23042BC48B4A00DD8990 /* User.swift in Sources */,
				96C0051F2BC4749C00134D6C /* ExampleApp.swift in Sources */,
				96C005412BC474F700134D6C /* UsersView.swift in Sources */,
				96C0053F2BC474F700134D6C /* PostsView.swift in Sources */,
			);
			runOnlyForDeploymentPostprocessing = 0;
		};
/* End PBXSourcesBuildPhase section */

/* Begin XCBuildConfiguration section */
		96C005282BC4749D00134D6C /* Debug */ = {
			isa = XCBuildConfiguration;
			buildSettings = {
				ALWAYS_SEARCH_USER_PATHS = NO;
				ASSETCATALOG_COMPILER_GENERATE_SWIFT_ASSET_SYMBOL_EXTENSIONS = YES;
				CLANG_ANALYZER_NONNULL = YES;
				CLANG_ANALYZER_NUMBER_OBJECT_CONVERSION = YES_AGGRESSIVE;
				CLANG_CXX_LANGUAGE_STANDARD = "gnu++20";
				CLANG_ENABLE_MODULES = YES;
				CLANG_ENABLE_OBJC_ARC = YES;
				CLANG_ENABLE_OBJC_WEAK = YES;
				CLANG_WARN_BLOCK_CAPTURE_AUTORELEASING = YES;
				CLANG_WARN_BOOL_CONVERSION = YES;
				CLANG_WARN_COMMA = YES;
				CLANG_WARN_CONSTANT_CONVERSION = YES;
				CLANG_WARN_DEPRECATED_OBJC_IMPLEMENTATIONS = YES;
				CLANG_WARN_DIRECT_OBJC_ISA_USAGE = YES_ERROR;
				CLANG_WARN_DOCUMENTATION_COMMENTS = YES;
				CLANG_WARN_EMPTY_BODY = YES;
				CLANG_WARN_ENUM_CONVERSION = YES;
				CLANG_WARN_INFINITE_RECURSION = YES;
				CLANG_WARN_INT_CONVERSION = YES;
				CLANG_WARN_NON_LITERAL_NULL_CONVERSION = YES;
				CLANG_WARN_OBJC_IMPLICIT_RETAIN_SELF = YES;
				CLANG_WARN_OBJC_LITERAL_CONVERSION = YES;
				CLANG_WARN_OBJC_ROOT_CLASS = YES_ERROR;
				CLANG_WARN_QUOTED_INCLUDE_IN_FRAMEWORK_HEADER = YES;
				CLANG_WARN_RANGE_LOOP_ANALYSIS = YES;
				CLANG_WARN_STRICT_PROTOTYPES = YES;
				CLANG_WARN_SUSPICIOUS_MOVE = YES;
				CLANG_WARN_UNGUARDED_AVAILABILITY = YES_AGGRESSIVE;
				CLANG_WARN_UNREACHABLE_CODE = YES;
				CLANG_WARN__DUPLICATE_METHOD_MATCH = YES;
				COPY_PHASE_STRIP = NO;
				DEBUG_INFORMATION_FORMAT = dwarf;
				ENABLE_STRICT_OBJC_MSGSEND = YES;
				ENABLE_TESTABILITY = YES;
				ENABLE_USER_SCRIPT_SANDBOXING = YES;
				GCC_C_LANGUAGE_STANDARD = gnu17;
				GCC_DYNAMIC_NO_PIC = NO;
				GCC_NO_COMMON_BLOCKS = YES;
				GCC_OPTIMIZATION_LEVEL = 0;
				GCC_PREPROCESSOR_DEFINITIONS = (
					"DEBUG=1",
					"$(inherited)",
				);
				GCC_WARN_64_TO_32_BIT_CONVERSION = YES;
				GCC_WARN_ABOUT_RETURN_TYPE = YES_ERROR;
				GCC_WARN_UNDECLARED_SELECTOR = YES;
				GCC_WARN_UNINITIALIZED_AUTOS = YES_AGGRESSIVE;
				GCC_WARN_UNUSED_FUNCTION = YES;
				GCC_WARN_UNUSED_VARIABLE = YES;
				LOCALIZATION_PREFERS_STRING_CATALOGS = YES;
				MTL_ENABLE_DEBUG_INFO = INCLUDE_SOURCE;
				MTL_FAST_MATH = YES;
				ONLY_ACTIVE_ARCH = YES;
				SWIFT_ACTIVE_COMPILATION_CONDITIONS = "DEBUG $(inherited)";
				SWIFT_OPTIMIZATION_LEVEL = "-Onone";
			};
			name = Debug;
		};
		96C005292BC4749D00134D6C /* Release */ = {
			isa = XCBuildConfiguration;
			buildSettings = {
				ALWAYS_SEARCH_USER_PATHS = NO;
				ASSETCATALOG_COMPILER_GENERATE_SWIFT_ASSET_SYMBOL_EXTENSIONS = YES;
				CLANG_ANALYZER_NONNULL = YES;
				CLANG_ANALYZER_NUMBER_OBJECT_CONVERSION = YES_AGGRESSIVE;
				CLANG_CXX_LANGUAGE_STANDARD = "gnu++20";
				CLANG_ENABLE_MODULES = YES;
				CLANG_ENABLE_OBJC_ARC = YES;
				CLANG_ENABLE_OBJC_WEAK = YES;
				CLANG_WARN_BLOCK_CAPTURE_AUTORELEASING = YES;
				CLANG_WARN_BOOL_CONVERSION = YES;
				CLANG_WARN_COMMA = YES;
				CLANG_WARN_CONSTANT_CONVERSION = YES;
				CLANG_WARN_DEPRECATED_OBJC_IMPLEMENTATIONS = YES;
				CLANG_WARN_DIRECT_OBJC_ISA_USAGE = YES_ERROR;
				CLANG_WARN_DOCUMENTATION_COMMENTS = YES;
				CLANG_WARN_EMPTY_BODY = YES;
				CLANG_WARN_ENUM_CONVERSION = YES;
				CLANG_WARN_INFINITE_RECURSION = YES;
				CLANG_WARN_INT_CONVERSION = YES;
				CLANG_WARN_NON_LITERAL_NULL_CONVERSION = YES;
				CLANG_WARN_OBJC_IMPLICIT_RETAIN_SELF = YES;
				CLANG_WARN_OBJC_LITERAL_CONVERSION = YES;
				CLANG_WARN_OBJC_ROOT_CLASS = YES_ERROR;
				CLANG_WARN_QUOTED_INCLUDE_IN_FRAMEWORK_HEADER = YES;
				CLANG_WARN_RANGE_LOOP_ANALYSIS = YES;
				CLANG_WARN_STRICT_PROTOTYPES = YES;
				CLANG_WARN_SUSPICIOUS_MOVE = YES;
				CLANG_WARN_UNGUARDED_AVAILABILITY = YES_AGGRESSIVE;
				CLANG_WARN_UNREACHABLE_CODE = YES;
				CLANG_WARN__DUPLICATE_METHOD_MATCH = YES;
				COPY_PHASE_STRIP = NO;
				DEBUG_INFORMATION_FORMAT = "dwarf-with-dsym";
				ENABLE_NS_ASSERTIONS = NO;
				ENABLE_STRICT_OBJC_MSGSEND = YES;
				ENABLE_USER_SCRIPT_SANDBOXING = YES;
				GCC_C_LANGUAGE_STANDARD = gnu17;
				GCC_NO_COMMON_BLOCKS = YES;
				GCC_WARN_64_TO_32_BIT_CONVERSION = YES;
				GCC_WARN_ABOUT_RETURN_TYPE = YES_ERROR;
				GCC_WARN_UNDECLARED_SELECTOR = YES;
				GCC_WARN_UNINITIALIZED_AUTOS = YES_AGGRESSIVE;
				GCC_WARN_UNUSED_FUNCTION = YES;
				GCC_WARN_UNUSED_VARIABLE = YES;
				LOCALIZATION_PREFERS_STRING_CATALOGS = YES;
				MTL_ENABLE_DEBUG_INFO = NO;
				MTL_FAST_MATH = YES;
				SWIFT_COMPILATION_MODE = wholemodule;
			};
			name = Release;
		};
		96C0052B2BC4749D00134D6C /* Debug */ = {
			isa = XCBuildConfiguration;
			buildSettings = {
				ASSETCATALOG_COMPILER_APPICON_NAME = AppIcon;
				ASSETCATALOG_COMPILER_GLOBAL_ACCENT_COLOR_NAME = AccentColor;
				CODE_SIGN_ENTITLEMENTS = Example/Example.entitlements;
				CODE_SIGN_STYLE = Automatic;
				CURRENT_PROJECT_VERSION = 1;
				DEVELOPMENT_ASSET_PATHS = "\"Example/Preview Content\"";
				ENABLE_PREVIEWS = YES;
				GENERATE_INFOPLIST_FILE = YES;
				"INFOPLIST_KEY_UIApplicationSceneManifest_Generation[sdk=iphoneos*]" = YES;
				"INFOPLIST_KEY_UIApplicationSceneManifest_Generation[sdk=iphonesimulator*]" = YES;
				"INFOPLIST_KEY_UIApplicationSupportsIndirectInputEvents[sdk=iphoneos*]" = YES;
				"INFOPLIST_KEY_UIApplicationSupportsIndirectInputEvents[sdk=iphonesimulator*]" = YES;
				"INFOPLIST_KEY_UILaunchScreen_Generation[sdk=iphoneos*]" = YES;
				"INFOPLIST_KEY_UILaunchScreen_Generation[sdk=iphonesimulator*]" = YES;
				"INFOPLIST_KEY_UIStatusBarStyle[sdk=iphoneos*]" = UIStatusBarStyleDefault;
				"INFOPLIST_KEY_UIStatusBarStyle[sdk=iphonesimulator*]" = UIStatusBarStyleDefault;
				INFOPLIST_KEY_UISupportedInterfaceOrientations_iPad = "UIInterfaceOrientationPortrait UIInterfaceOrientationPortraitUpsideDown UIInterfaceOrientationLandscapeLeft UIInterfaceOrientationLandscapeRight";
				INFOPLIST_KEY_UISupportedInterfaceOrientations_iPhone = "UIInterfaceOrientationPortrait UIInterfaceOrientationLandscapeLeft UIInterfaceOrientationLandscapeRight";
				IPHONEOS_DEPLOYMENT_TARGET = 17.0;
				LD_RUNPATH_SEARCH_PATHS = "@executable_path/Frameworks";
				"LD_RUNPATH_SEARCH_PATHS[sdk=macosx*]" = "@executable_path/../Frameworks";
				MACOSX_DEPLOYMENT_TARGET = 14.0;
				MARKETING_VERSION = 1.0;
				PRODUCT_BUNDLE_IDENTIFIER = "org.the-braveknight.melatonin.Example";
				PRODUCT_NAME = "$(TARGET_NAME)";
				SDKROOT = auto;
				SUPPORTED_PLATFORMS = "iphoneos iphonesimulator";
				SUPPORTS_MACCATALYST = NO;
				SWIFT_EMIT_LOC_STRINGS = YES;
				SWIFT_VERSION = 5.0;
				TARGETED_DEVICE_FAMILY = "1,2";
			};
			name = Debug;
		};
		96C0052C2BC4749D00134D6C /* Release */ = {
			isa = XCBuildConfiguration;
			buildSettings = {
				ASSETCATALOG_COMPILER_APPICON_NAME = AppIcon;
				ASSETCATALOG_COMPILER_GLOBAL_ACCENT_COLOR_NAME = AccentColor;
				CODE_SIGN_ENTITLEMENTS = Example/Example.entitlements;
				CODE_SIGN_STYLE = Automatic;
				CURRENT_PROJECT_VERSION = 1;
				DEVELOPMENT_ASSET_PATHS = "\"Example/Preview Content\"";
				ENABLE_PREVIEWS = YES;
				GENERATE_INFOPLIST_FILE = YES;
				"INFOPLIST_KEY_UIApplicationSceneManifest_Generation[sdk=iphoneos*]" = YES;
				"INFOPLIST_KEY_UIApplicationSceneManifest_Generation[sdk=iphonesimulator*]" = YES;
				"INFOPLIST_KEY_UIApplicationSupportsIndirectInputEvents[sdk=iphoneos*]" = YES;
				"INFOPLIST_KEY_UIApplicationSupportsIndirectInputEvents[sdk=iphonesimulator*]" = YES;
				"INFOPLIST_KEY_UILaunchScreen_Generation[sdk=iphoneos*]" = YES;
				"INFOPLIST_KEY_UILaunchScreen_Generation[sdk=iphonesimulator*]" = YES;
				"INFOPLIST_KEY_UIStatusBarStyle[sdk=iphoneos*]" = UIStatusBarStyleDefault;
				"INFOPLIST_KEY_UIStatusBarStyle[sdk=iphonesimulator*]" = UIStatusBarStyleDefault;
				INFOPLIST_KEY_UISupportedInterfaceOrientations_iPad = "UIInterfaceOrientationPortrait UIInterfaceOrientationPortraitUpsideDown UIInterfaceOrientationLandscapeLeft UIInterfaceOrientationLandscapeRight";
				INFOPLIST_KEY_UISupportedInterfaceOrientations_iPhone = "UIInterfaceOrientationPortrait UIInterfaceOrientationLandscapeLeft UIInterfaceOrientationLandscapeRight";
				IPHONEOS_DEPLOYMENT_TARGET = 17.0;
				LD_RUNPATH_SEARCH_PATHS = "@executable_path/Frameworks";
				"LD_RUNPATH_SEARCH_PATHS[sdk=macosx*]" = "@executable_path/../Frameworks";
				MACOSX_DEPLOYMENT_TARGET = 14.0;
				MARKETING_VERSION = 1.0;
				PRODUCT_BUNDLE_IDENTIFIER = "org.the-braveknight.melatonin.Example";
				PRODUCT_NAME = "$(TARGET_NAME)";
				SDKROOT = auto;
				SUPPORTED_PLATFORMS = "iphoneos iphonesimulator";
				SUPPORTS_MACCATALYST = NO;
				SWIFT_EMIT_LOC_STRINGS = YES;
				SWIFT_VERSION = 5.0;
				TARGETED_DEVICE_FAMILY = "1,2";
			};
			name = Release;
		};
/* End XCBuildConfiguration section */

/* Begin XCConfigurationList section */
		96C005162BC4749C00134D6C /* Build configuration list for PBXProject "Example" */ = {
			isa = XCConfigurationList;
			buildConfigurations = (
				96C005282BC4749D00134D6C /* Debug */,
				96C005292BC4749D00134D6C /* Release */,
			);
			defaultConfigurationIsVisible = 0;
			defaultConfigurationName = Release;
		};
		96C0052A2BC4749D00134D6C /* Build configuration list for PBXNativeTarget "Example" */ = {
			isa = XCConfigurationList;
			buildConfigurations = (
				96C0052B2BC4749D00134D6C /* Debug */,
				96C0052C2BC4749D00134D6C /* Release */,
			);
			defaultConfigurationIsVisible = 0;
			defaultConfigurationName = Release;
		};
/* End XCConfigurationList section */

/* Begin XCLocalSwiftPackageReference section */
		966F22FF2BC47E0900DD8990 /* XCLocalSwiftPackageReference ".." */ = {
			isa = XCLocalSwiftPackageReference;
			relativePath = ..;
		};
/* End XCLocalSwiftPackageReference section */

/* Begin XCSwiftPackageProductDependency section */
		966F23002BC47E0900DD8990 /* Melatonin */ = {
			isa = XCSwiftPackageProductDependency;
			productName = Melatonin;
		};
/* End XCSwiftPackageProductDependency section */
	};
	rootObject = 96C005132BC4749C00134D6C /* Project object */;
}
